
Microsoft Visual Studio Solution File, Format Version 12.00
# Visual Studio Version 17
VisualStudioVersion = 17.3.32929.385
MinimumVisualStudioVersion = 10.0.40219.1
Project("{FAE04EC0-301F-11D3-BF4B-00C04F79EFBC}") = "register", "TestingProject\register.csproj", "{A8217B3C-D2CA-4E5F-9C3C-14416E638BFD}"
EndProject
Project("{FAE04EC0-301F-11D3-BF4B-00C04F79EFBC}") = "login", "login\login.csproj", "{FBD587EF-EBEA-4EBC-ACC0-38FFE2E725F1}"
EndProject
Project("{FAE04EC0-301F-11D3-BF4B-00C04F79EFBC}") = "addToCart", "addToCart\addToCart.csproj", "{79F2C37A-EFEE-4E80-BF6C-E59D2FA1CBEF}"
EndProject
Project("{FAE04EC0-301F-11D3-BF4B-00C04F79EFBC}") = "addToWishlist", "addToWishlist\addToWishlist.csproj", "{BBC35ADA-AEE3-4ABF-8BAA-F908B8B22783}"
EndProject
Project("{FAE04EC0-301F-11D3-BF4B-00C04F79EFBC}") = "checkout", "checkout\checkout.csproj", "{2E9C6F47-7BE2-4CAF-9039-152B1926FD84}"
EndProject
Global
	GlobalSection(SolutionConfigurationPlatforms) = preSolution
		Debug|Any CPU = Debug|Any CPU
		Release|Any CPU = Release|Any CPU
	EndGlobalSection
	GlobalSection(ProjectConfigurationPlatforms) = postSolution
		{A8217B3C-D2CA-4E5F-9C3C-14416E638BFD}.Debug|Any CPU.ActiveCfg = Debug|Any CPU
		{A8217B3C-D2CA-4E5F-9C3C-14416E638BFD}.Debug|Any CPU.Build.0 = Debug|Any CPU
		{A8217B3C-D2CA-4E5F-9C3C-14416E638BFD}.Release|Any CPU.ActiveCfg = Release|Any CPU
		{A8217B3C-D2CA-4E5F-9C3C-14416E638BFD}.Release|Any CPU.Build.0 = Release|Any CPU
		{FBD587EF-EBEA-4EBC-ACC0-38FFE2E725F1}.Debug|Any CPU.ActiveCfg = Debug|Any CPU
		{FBD587EF-EBEA-4EBC-ACC0-38FFE2E725F1}.Debug|Any CPU.Build.0 = Debug|Any CPU
		{FBD587EF-EBEA-4EBC-ACC0-38FFE2E725F1}.Release|Any CPU.ActiveCfg = Release|Any CPU
		{FBD587EF-EBEA-4EBC-ACC0-38FFE2E725F1}.Release|Any CPU.Build.0 = Release|Any CPU
		{79F2C37A-EFEE-4E80-BF6C-E59D2FA1CBEF}.Debug|Any CPU.ActiveCfg = Debug|Any CPU
		{79F2C37A-EFEE-4E80-BF6C-E59D2FA1CBEF}.Debug|Any CPU.Build.0 = Debug|Any CPU
		{79F2C37A-EFEE-4E80-BF6C-E59D2FA1CBEF}.Release|Any CPU.ActiveCfg = Release|Any CPU
		{79F2C37A-EFEE-4E80-BF6C-E59D2FA1CBEF}.Release|Any CPU.Build.0 = Release|Any CPU
		{BBC35ADA-AEE3-4ABF-8BAA-F908B8B22783}.Debug|Any CPU.ActiveCfg = Debug|Any CPU
		{BBC35ADA-AEE3-4ABF-8BAA-F908B8B22783}.Debug|Any CPU.Build.0 = Debug|Any CPU
		{BBC35ADA-AEE3-4ABF-8BAA-F908B8B22783}.Release|Any CPU.ActiveCfg = Release|Any CPU
		{BBC35ADA-AEE3-4ABF-8BAA-F908B8B22783}.Release|Any CPU.Build.0 = Release|Any CPU
		{2E9C6F47-7BE2-4CAF-9039-152B1926FD84}.Debug|Any CPU.ActiveCfg = Debug|Any CPU
		{2E9C6F47-7BE2-4CAF-9039-152B1926FD84}.Debug|Any CPU.Build.0 = Debug|Any CPU
		{2E9C6F47-7BE2-4CAF-9039-152B1926FD84}.Release|Any CPU.ActiveCfg = Release|Any CPU
		{2E9C6F47-7BE2-4CAF-9039-152B1926FD84}.Release|Any CPU.Build.0 = Release|Any CPU
	EndGlobalSection
	GlobalSection(SolutionProperties) = preSolution
		HideSolutionNode = FALSE
	EndGlobalSection
	GlobalSection(ExtensibilityGlobals) = postSolution
		SolutionGuid = {9AC538CE-32C8-4C1C-89D3-D4C9D392E32A}
	EndGlobalSection
EndGlobal
